// !$*UTF8*$!
{
	archiveVersion = 1;
	classes = {
	};
	objectVersion = 50;
	objects = {

/* Begin PBXBuildFile section */
		1A889CF620CE353600EFB142 /* AppDelegate.swift in Sources */ = {isa = PBXBuildFile; fileRef = 1A889CF520CE353600EFB142 /* AppDelegate.swift */; };
		1A889CF820CE353700EFB142 /* ViewController.swift in Sources */ = {isa = PBXBuildFile; fileRef = 1A889CF720CE353700EFB142 /* ViewController.swift */; };
		1A889CFB20CE353700EFB142 /* Main.storyboard in Resources */ = {isa = PBXBuildFile; fileRef = 1A889CF920CE353700EFB142 /* Main.storyboard */; };
		1A889CFE20CE353700EFB142 /* SliderDemoApp.xcdatamodeld in Sources */ = {isa = PBXBuildFile; fileRef = 1A889CFC20CE353700EFB142 /* SliderDemoApp.xcdatamodeld */; };
		1A889D0020CE353900EFB142 /* Assets.xcassets in Resources */ = {isa = PBXBuildFile; fileRef = 1A889CFF20CE353900EFB142 /* Assets.xcassets */; };
		1A889D0320CE353900EFB142 /* LaunchScreen.storyboard in Resources */ = {isa = PBXBuildFile; fileRef = 1A889D0120CE353900EFB142 /* LaunchScreen.storyboard */; };
		1A889D0E20CE353A00EFB142 /* SliderDemoAppTests.swift in Sources */ = {isa = PBXBuildFile; fileRef = 1A889D0D20CE353A00EFB142 /* SliderDemoAppTests.swift */; };
		1A889D1920CE353A00EFB142 /* SliderDemoAppUITests.swift in Sources */ = {isa = PBXBuildFile; fileRef = 1A889D1820CE353A00EFB142 /* SliderDemoAppUITests.swift */; };
/* End PBXBuildFile section */

/* Begin PBXContainerItemProxy section */
		1A889D0A20CE353A00EFB142 /* PBXContainerItemProxy */ = {
			isa = PBXContainerItemProxy;
			containerPortal = 1A889CEA20CE353600EFB142 /* Project object */;
			proxyType = 1;
			remoteGlobalIDString = 1A889CF120CE353600EFB142;
			remoteInfo = SliderDemoApp;
		};
		1A889D1520CE353A00EFB142 /* PBXContainerItemProxy */ = {
			isa = PBXContainerItemProxy;
			containerPortal = 1A889CEA20CE353600EFB142 /* Project object */;
			proxyType = 1;
			remoteGlobalIDString = 1A889CF120CE353600EFB142;
			remoteInfo = SliderDemoApp;
		};
/* End PBXContainerItemProxy section */

/* Begin PBXFileReference section */
		1A889CF220CE353600EFB142 /* SliderDemoApp.app */ = {isa = PBXFileReference; explicitFileType = wrapper.application; includeInIndex = 0; path = SliderDemoApp.app; sourceTree = BUILT_PRODUCTS_DIR; };
		1A889CF520CE353600EFB142 /* AppDelegate.swift */ = {isa = PBXFileReference; lastKnownFileType = sourcecode.swift; path = AppDelegate.swift; sourceTree = "<group>"; };
		1A889CF720CE353700EFB142 /* ViewController.swift */ = {isa = PBXFileReference; lastKnownFileType = sourcecode.swift; path = ViewController.swift; sourceTree = "<group>"; };
		1A889CFA20CE353700EFB142 /* Base */ = {isa = PBXFileReference; lastKnownFileType = file.storyboard; name = Base; path = Base.lproj/Main.storyboard; sourceTree = "<group>"; };
		1A889CFD20CE353700EFB142 /* SliderDemoApp.xcdatamodel */ = {isa = PBXFileReference; lastKnownFileType = wrapper.xcdatamodel; path = SliderDemoApp.xcdatamodel; sourceTree = "<group>"; };
		1A889CFF20CE353900EFB142 /* Assets.xcassets */ = {isa = PBXFileReference; lastKnownFileType = folder.assetcatalog; path = Assets.xcassets; sourceTree = "<group>"; };
		1A889D0220CE353900EFB142 /* Base */ = {isa = PBXFileReference; lastKnownFileType = file.storyboard; name = Base; path = Base.lproj/LaunchScreen.storyboard; sourceTree = "<group>"; };
		1A889D0420CE353900EFB142 /* Info.plist */ = {isa = PBXFileReference; lastKnownFileType = text.plist.xml; path = Info.plist; sourceTree = "<group>"; };
		1A889D0920CE353A00EFB142 /* SliderDemoAppTests.xctest */ = {isa = PBXFileReference; explicitFileType = wrapper.cfbundle; includeInIndex = 0; path = SliderDemoAppTests.xctest; sourceTree = BUILT_PRODUCTS_DIR; };
		1A889D0D20CE353A00EFB142 /* SliderDemoAppTests.swift */ = {isa = PBXFileReference; lastKnownFileType = sourcecode.swift; path = SliderDemoAppTests.swift; sourceTree = "<group>"; };
		1A889D0F20CE353A00EFB142 /* Info.plist */ = {isa = PBXFileReference; lastKnownFileType = text.plist.xml; path = Info.plist; sourceTree = "<group>"; };
		1A889D1420CE353A00EFB142 /* SliderDemoAppUITests.xctest */ = {isa = PBXFileReference; explicitFileType = wrapper.cfbundle; includeInIndex = 0; path = SliderDemoAppUITests.xctest; sourceTree = BUILT_PRODUCTS_DIR; };
		1A889D1820CE353A00EFB142 /* SliderDemoAppUITests.swift */ = {isa = PBXFileReference; lastKnownFileType = sourcecode.swift; path = SliderDemoAppUITests.swift; sourceTree = "<group>"; };
		1A889D1A20CE353A00EFB142 /* Info.plist */ = {isa = PBXFileReference; lastKnownFileType = text.plist.xml; path = Info.plist; sourceTree = "<group>"; };
/* End PBXFileReference section */

/* Begin PBXFrameworksBuildPhase section */
		1A889CEF20CE353600EFB142 /* Frameworks */ = {
			isa = PBXFrameworksBuildPhase;
			buildActionMask = 2147483647;
			files = (
			);
			runOnlyForDeploymentPostprocessing = 0;
		};
		1A889D0620CE353A00EFB142 /* Frameworks */ = {
			isa = PBXFrameworksBuildPhase;
			buildActionMask = 2147483647;
			files = (
			);
			runOnlyForDeploymentPostprocessing = 0;
		};
		1A889D1120CE353A00EFB142 /* Frameworks */ = {
			isa = PBXFrameworksBuildPhase;
			buildActionMask = 2147483647;
			files = (
			);
			runOnlyForDeploymentPostprocessing = 0;
		};
/* End PBXFrameworksBuildPhase section */

/* Begin PBXGroup section */
		1A889CE920CE353600EFB142 = {
			isa = PBXGroup;
			children = (
				1A889CF420CE353600EFB142 /* SliderDemoApp */,
				1A889D0C20CE353A00EFB142 /* SliderDemoAppTests */,
				1A889D1720CE353A00EFB142 /* SliderDemoAppUITests */,
				1A889CF320CE353600EFB142 /* Products */,
			);
			sourceTree = "<group>";
		};
		1A889CF320CE353600EFB142 /* Products */ = {
			isa = PBXGroup;
			children = (
				1A889CF220CE353600EFB142 /* SliderDemoApp.app */,
				1A889D0920CE353A00EFB142 /* SliderDemoAppTests.xctest */,
				1A889D1420CE353A00EFB142 /* SliderDemoAppUITests.xctest */,
			);
			name = Products;
			sourceTree = "<group>";
		};
		1A889CF420CE353600EFB142 /* SliderDemoApp */ = {
			isa = PBXGroup;
			children = (
				1A889CF520CE353600EFB142 /* AppDelegate.swift */,
				1A889CF720CE353700EFB142 /* ViewController.swift */,
				1A889CF920CE353700EFB142 /* Main.storyboard */,
				1A889CFF20CE353900EFB142 /* Assets.xcassets */,
				1A889D0120CE353900EFB142 /* LaunchScreen.storyboard */,
				1A889D0420CE353900EFB142 /* Info.plist */,
				1A889CFC20CE353700EFB142 /* SliderDemoApp.xcdatamodeld */,
			);
			path = SliderDemoApp;
			sourceTree = "<group>";
		};
		1A889D0C20CE353A00EFB142 /* SliderDemoAppTests */ = {
			isa = PBXGroup;
			children = (
				1A889D0D20CE353A00EFB142 /* SliderDemoAppTests.swift */,
				1A889D0F20CE353A00EFB142 /* Info.plist */,
			);
			path = SliderDemoAppTests;
			sourceTree = "<group>";
		};
		1A889D1720CE353A00EFB142 /* SliderDemoAppUITests */ = {
			isa = PBXGroup;
			children = (
				1A889D1820CE353A00EFB142 /* SliderDemoAppUITests.swift */,
				1A889D1A20CE353A00EFB142 /* Info.plist */,
			);
			path = SliderDemoAppUITests;
			sourceTree = "<group>";
		};
/* End PBXGroup section */

/* Begin PBXNativeTarget section */
		1A889CF120CE353600EFB142 /* SliderDemoApp */ = {
			isa = PBXNativeTarget;
			buildConfigurationList = 1A889D1D20CE353A00EFB142 /* Build configuration list for PBXNativeTarget "SliderDemoApp" */;
			buildPhases = (
				1A889CEE20CE353600EFB142 /* Sources */,
				1A889CEF20CE353600EFB142 /* Frameworks */,
				1A889CF020CE353600EFB142 /* Resources */,
			);
			buildRules = (
			);
			dependencies = (
			);
			name = SliderDemoApp;
			productName = SliderDemoApp;
			productReference = 1A889CF220CE353600EFB142 /* SliderDemoApp.app */;
			productType = "com.apple.product-type.application";
		};
		1A889D0820CE353A00EFB142 /* SliderDemoAppTests */ = {
			isa = PBXNativeTarget;
			buildConfigurationList = 1A889D2020CE353A00EFB142 /* Build configuration list for PBXNativeTarget "SliderDemoAppTests" */;
			buildPhases = (
				1A889D0520CE353A00EFB142 /* Sources */,
				1A889D0620CE353A00EFB142 /* Frameworks */,
				1A889D0720CE353A00EFB142 /* Resources */,
			);
			buildRules = (
			);
			dependencies = (
				1A889D0B20CE353A00EFB142 /* PBXTargetDependency */,
			);
			name = SliderDemoAppTests;
			productName = SliderDemoAppTests;
			productReference = 1A889D0920CE353A00EFB142 /* SliderDemoAppTests.xctest */;
			productType = "com.apple.product-type.bundle.unit-test";
		};
		1A889D1320CE353A00EFB142 /* SliderDemoAppUITests */ = {
			isa = PBXNativeTarget;
			buildConfigurationList = 1A889D2320CE353A00EFB142 /* Build configuration list for PBXNativeTarget "SliderDemoAppUITests" */;
			buildPhases = (
				1A889D1020CE353A00EFB142 /* Sources */,
				1A889D1120CE353A00EFB142 /* Frameworks */,
				1A889D1220CE353A00EFB142 /* Resources */,
			);
			buildRules = (
			);
			dependencies = (
				1A889D1620CE353A00EFB142 /* PBXTargetDependency */,
			);
			name = SliderDemoAppUITests;
			productName = SliderDemoAppUITests;
			productReference = 1A889D1420CE353A00EFB142 /* SliderDemoAppUITests.xctest */;
			productType = "com.apple.product-type.bundle.ui-testing";
		};
/* End PBXNativeTarget section */

/* Begin PBXProject section */
		1A889CEA20CE353600EFB142 /* Project object */ = {
			isa = PBXProject;
			attributes = {
				LastSwiftUpdateCheck = 0940;
				LastUpgradeCheck = 0940;
				ORGANIZATIONNAME = "Fortune4 Technologies";
				TargetAttributes = {
					1A889CF120CE353600EFB142 = {
						CreatedOnToolsVersion = 9.4;
					};
					1A889D0820CE353A00EFB142 = {
						CreatedOnToolsVersion = 9.4;
						TestTargetID = 1A889CF120CE353600EFB142;
					};
					1A889D1320CE353A00EFB142 = {
						CreatedOnToolsVersion = 9.4;
						TestTargetID = 1A889CF120CE353600EFB142;
					};
				};
			};
			buildConfigurationList = 1A889CED20CE353600EFB142 /* Build configuration list for PBXProject "SliderDemoApp" */;
			compatibilityVersion = "Xcode 9.3";
			developmentRegion = en;
			hasScannedForEncodings = 0;
			knownRegions = (
				en,
				Base,
			);
			mainGroup = 1A889CE920CE353600EFB142;
			productRefGroup = 1A889CF320CE353600EFB142 /* Products */;
			projectDirPath = "";
			projectRoot = "";
			targets = (
				1A889CF120CE353600EFB142 /* SliderDemoApp */,
				1A889D0820CE353A00EFB142 /* SliderDemoAppTests */,
				1A889D1320CE353A00EFB142 /* SliderDemoAppUITests */,
			);
		};
/* End PBXProject section */

/* Begin PBXResourcesBuildPhase section */
		1A889CF020CE353600EFB142 /* Resources */ = {
			isa = PBXResourcesBuildPhase;
			buildActionMask = 2147483647;
			files = (
				1A889D0320CE353900EFB142 /* LaunchScreen.storyboard in Resources */,
				1A889D0020CE353900EFB142 /* Assets.xcassets in Resources */,
				1A889CFB20CE353700EFB142 /* Main.storyboard in Resources */,
			);
			runOnlyForDeploymentPostprocessing = 0;
		};
		1A889D0720CE353A00EFB142 /* Resources */ = {
			isa = PBXResourcesBuildPhase;
			buildActionMask = 2147483647;
			files = (
			);
			runOnlyForDeploymentPostprocessing = 0;
		};
		1A889D1220CE353A00EFB142 /* Resources */ = {
			isa = PBXResourcesBuildPhase;
			buildActionMask = 2147483647;
			files = (
			);
			runOnlyForDeploymentPostprocessing = 0;
		};
/* End PBXResourcesBuildPhase section */

/* Begin PBXSourcesBuildPhase section */
		1A889CEE20CE353600EFB142 /* Sources */ = {
			isa = PBXSourcesBuildPhase;
			buildActionMask = 2147483647;
			files = (
				1A889CF820CE353700EFB142 /* ViewController.swift in Sources */,
				1A889CFE20CE353700EFB142 /* SliderDemoApp.xcdatamodeld in Sources */,
				1A889CF620CE353600EFB142 /* AppDelegate.swift in Sources */,
			);
			runOnlyForDeploymentPostprocessing = 0;
		};
		1A889D0520CE353A00EFB142 /* Sources */ = {
			isa = PBXSourcesBuildPhase;
			buildActionMask = 2147483647;
			files = (
				1A889D0E20CE353A00EFB142 /* SliderDemoAppTests.swift in Sources */,
			);
			runOnlyForDeploymentPostprocessing = 0;
		};
		1A889D1020CE353A00EFB142 /* Sources */ = {
			isa = PBXSourcesBuildPhase;
			buildActionMask = 2147483647;
			files = (
				1A889D1920CE353A00EFB142 /* SliderDemoAppUITests.swift in Sources */,
			);
			runOnlyForDeploymentPostprocessing = 0;
		};
/* End PBXSourcesBuildPhase section */

/* Begin PBXTargetDependency section */
		1A889D0B20CE353A00EFB142 /* PBXTargetDependency */ = {
			isa = PBXTargetDependency;
			target = 1A889CF120CE353600EFB142 /* SliderDemoApp */;
			targetProxy = 1A889D0A20CE353A00EFB142 /* PBXContainerItemProxy */;
		};
		1A889D1620CE353A00EFB142 /* PBXTargetDependency */ = {
			isa = PBXTargetDependency;
			target = 1A889CF120CE353600EFB142 /* SliderDemoApp */;
			targetProxy = 1A889D1520CE353A00EFB142 /* PBXContainerItemProxy */;
		};
/* End PBXTargetDependency section */

/* Begin PBXVariantGroup section */
		1A889CF920CE353700EFB142 /* Main.storyboard */ = {
			isa = PBXVariantGroup;
			children = (
				1A889CFA20CE353700EFB142 /* Base */,
			);
			name = Main.storyboard;
			sourceTree = "<group>";
		};
		1A889D0120CE353900EFB142 /* LaunchScreen.storyboard */ = {
			isa = PBXVariantGroup;
			children = (
				1A889D0220CE353900EFB142 /* Base */,
			);
			name = LaunchScreen.storyboard;
			sourceTree = "<group>";
		};
/* End PBXVariantGroup section */

/* Begin XCBuildConfiguration section */
		1A889D1B20CE353A00EFB142 /* Debug */ = {
			isa = XCBuildConfiguration;
			buildSettings = {
				ALWAYS_SEARCH_USER_PATHS = NO;
				CLANG_ANALYZER_NONNULL = YES;
				CLANG_ANALYZER_NUMBER_OBJECT_CONVERSION = YES_AGGRESSIVE;
				CLANG_CXX_LANGUAGE_STANDARD = "gnu++14";
				CLANG_CXX_LIBRARY = "libc++";
				CLANG_ENABLE_MODULES = YES;
				CLANG_ENABLE_OBJC_ARC = YES;
				CLANG_ENABLE_OBJC_WEAK = YES;
				CLANG_WARN_BLOCK_CAPTURE_AUTORELEASING = YES;
				CLANG_WARN_BOOL_CONVERSION = YES;
				CLANG_WARN_COMMA = YES;
				CLANG_WARN_CONSTANT_CONVERSION = YES;
				CLANG_WARN_DEPRECATED_OBJC_IMPLEMENTATIONS = YES;
				CLANG_WARN_DIRECT_OBJC_ISA_USAGE = YES_ERROR;
				CLANG_WARN_DOCUMENTATION_COMMENTS = YES;
				CLANG_WARN_EMPTY_BODY = YES;
				CLANG_WARN_ENUM_CONVERSION = YES;
				CLANG_WARN_INFINITE_RECURSION = YES;
				CLANG_WARN_INT_CONVERSION = YES;
				CLANG_WARN_NON_LITERAL_NULL_CONVERSION = YES;
				CLANG_WARN_OBJC_IMPLICIT_RETAIN_SELF = YES;
				CLANG_WARN_OBJC_LITERAL_CONVERSION = YES;
				CLANG_WARN_OBJC_ROOT_CLASS = YES_ERROR;
				CLANG_WARN_RANGE_LOOP_ANALYSIS = YES;
				CLANG_WARN_STRICT_PROTOTYPES = YES;
				CLANG_WARN_SUSPICIOUS_MOVE = YES;
				CLANG_WARN_UNGUARDED_AVAILABILITY = YES_AGGRESSIVE;
				CLANG_WARN_UNREACHABLE_CODE = YES;
				CLANG_WARN__DUPLICATE_METHOD_MATCH = YES;
				CODE_SIGN_IDENTITY = "iPhone Developer";
				COPY_PHASE_STRIP = NO;
				DEBUG_INFORMATION_FORMAT = dwarf;
				ENABLE_STRICT_OBJC_MSGSEND = YES;
				ENABLE_TESTABILITY = YES;
				GCC_C_LANGUAGE_STANDARD = gnu11;
				GCC_DYNAMIC_NO_PIC = NO;
				GCC_NO_COMMON_BLOCKS = YES;
				GCC_OPTIMIZATION_LEVEL = 0;
				GCC_PREPROCESSOR_DEFINITIONS = (
					"DEBUG=1",
					"$(inherited)",
				);
				GCC_WARN_64_TO_32_BIT_CONVERSION = YES;
				GCC_WARN_ABOUT_RETURN_TYPE = YES_ERROR;
				GCC_WARN_UNDECLARED_SELECTOR = YES;
				GCC_WARN_UNINITIALIZED_AUTOS = YES_AGGRESSIVE;
				GCC_WARN_UNUSED_FUNCTION = YES;
				GCC_WARN_UNUSED_VARIABLE = YES;
				IPHONEOS_DEPLOYMENT_TARGET = 11.4;
				MTL_ENABLE_DEBUG_INFO = YES;
				ONLY_ACTIVE_ARCH = YES;
				SDKROOT = iphoneos;
				SWIFT_ACTIVE_COMPILATION_CONDITIONS = DEBUG;
				SWIFT_OPTIMIZATION_LEVEL = "-Onone";
			};
			name = Debug;
		};
		1A889D1C20CE353A00EFB142 /* Release */ = {
			isa = XCBuildConfiguration;
			buildSettings = {
				ALWAYS_SEARCH_USER_PATHS = NO;
				CLANG_ANALYZER_NONNULL = YES;
				CLANG_ANALYZER_NUMBER_OBJECT_CONVERSION = YES_AGGRESSIVE;
				CLANG_CXX_LANGUAGE_STANDARD = "gnu++14";
				CLANG_CXX_LIBRARY = "libc++";
				CLANG_ENABLE_MODULES = YES;
				CLANG_ENABLE_OBJC_ARC = YES;
				CLANG_ENABLE_OBJC_WEAK = YES;
				CLANG_WARN_BLOCK_CAPTURE_AUTORELEASING = YES;
				CLANG_WARN_BOOL_CONVERSION = YES;
				CLANG_WARN_COMMA = YES;
				CLANG_WARN_CONSTANT_CONVERSION = YES;
				CLANG_WARN_DEPRECATED_OBJC_IMPLEMENTATIONS = YES;
				CLANG_WARN_DIRECT_OBJC_ISA_USAGE = YES_ERROR;
				CLANG_WARN_DOCUMENTATION_COMMENTS = YES;
				CLANG_WARN_EMPTY_BODY = YES;
				CLANG_WARN_ENUM_CONVERSION = YES;
				CLANG_WARN_INFINITE_RECURSION = YES;
				CLANG_WARN_INT_CONVERSION = YES;
				CLANG_WARN_NON_LITERAL_NULL_CONVERSION = YES;
				CLANG_WARN_OBJC_IMPLICIT_RETAIN_SELF = YES;
				CLANG_WARN_OBJC_LITERAL_CONVERSION = YES;
				CLANG_WARN_OBJC_ROOT_CLASS = YES_ERROR;
				CLANG_WARN_RANGE_LOOP_ANALYSIS = YES;
				CLANG_WARN_STRICT_PROTOTYPES = YES;
				CLANG_WARN_SUSPICIOUS_MOVE = YES;
				CLANG_WARN_UNGUARDED_AVAILABILITY = YES_AGGRESSIVE;
				CLANG_WARN_UNREACHABLE_CODE = YES;
				CLANG_WARN__DUPLICATE_METHOD_MATCH = YES;
				CODE_SIGN_IDENTITY = "iPhone Developer";
				COPY_PHASE_STRIP = NO;
				DEBUG_INFORMATION_FORMAT = "dwarf-with-dsym";
				ENABLE_NS_ASSERTIONS = NO;
				ENABLE_STRICT_OBJC_MSGSEND = YES;
				GCC_C_LANGUAGE_STANDARD = gnu11;
				GCC_NO_COMMON_BLOCKS = YES;
				GCC_WARN_64_TO_32_BIT_CONVERSION = YES;
				GCC_WARN_ABOUT_RETURN_TYPE = YES_ERROR;
				GCC_WARN_UNDECLARED_SELECTOR = YES;
				GCC_WARN_UNINITIALIZED_AUTOS = YES_AGGRESSIVE;
				GCC_WARN_UNUSED_FUNCTION = YES;
				GCC_WARN_UNUSED_VARIABLE = YES;
				IPHONEOS_DEPLOYMENT_TARGET = 11.4;
				MTL_ENABLE_DEBUG_INFO = NO;
				SDKROOT = iphoneos;
				SWIFT_COMPILATION_MODE = wholemodule;
				SWIFT_OPTIMIZATION_LEVEL = "-O";
				VALIDATE_PRODUCT = YES;
			};
			name = Release;
		};
		1A889D1E20CE353A00EFB142 /* Debug */ = {
			isa = XCBuildConfiguration;
			buildSettings = {
				ASSETCATALOG_COMPILER_APPICON_NAME = AppIcon;
				CODE_SIGN_STYLE = Automatic;
				DEVELOPMENT_TEAM = UMUY72KH99;
				INFOPLIST_FILE = SliderDemoApp/Info.plist;
				LD_RUNPATH_SEARCH_PATHS = (
					"$(inherited)",
					"@executable_path/Frameworks",
				);
				PRODUCT_BUNDLE_IDENTIFIER = com.fortune4.SliderDemoApp;
				PRODUCT_NAME = "$(TARGET_NAME)";
				SWIFT_VERSION = 4.0;
				TARGETED_DEVICE_FAMILY = "1,2";
			};
			name = Debug;
		};
		1A889D1F20CE353A00EFB142 /* Release */ = {
			isa = XCBuildConfiguration;
			buildSettings = {
				ASSETCATALOG_COMPILER_APPICON_NAME = AppIcon;
				CODE_SIGN_STYLE = Automatic;
				DEVELOPMENT_TEAM = UMUY72KH99;
				INFOPLIST_FILE = SliderDemoApp/Info.plist;
				LD_RUNPATH_SEARCH_PATHS = (
					"$(inherited)",
					"@executable_path/Frameworks",
				);
				PRODUCT_BUNDLE_IDENTIFIER = com.fortune4.SliderDemoApp;
				PRODUCT_NAME = "$(TARGET_NAME)";
				SWIFT_VERSION = 4.0;
				TARGETED_DEVICE_FAMILY = "1,2";
			};
			name = Release;
		};
		1A889D2120CE353A00EFB142 /* Debug */ = {
			isa = XCBuildConfiguration;
			buildSettings = {
				ALWAYS_EMBED_SWIFT_STANDARD_LIBRARIES = YES;
				BUNDLE_LOADER = "$(TEST_HOST)";
				CODE_SIGN_STYLE = Automatic;
				DEVELOPMENT_TEAM = UMUY72KH99;
				INFOPLIST_FILE = SliderDemoAppTests/Info.plist;
				LD_RUNPATH_SEARCH_PATHS = (
					"$(inherited)",
					"@executable_path/Frameworks",
					"@loader_path/Frameworks",
				);
				PRODUCT_BUNDLE_IDENTIFIER = com.fortune4.SliderDemoAppTests;
				PRODUCT_NAME = "$(TARGET_NAME)";
				SWIFT_VERSION = 4.0;
				TARGETED_DEVICE_FAMILY = "1,2";
				TEST_HOST = "$(BUILT_PRODUCTS_DIR)/SliderDemoApp.app/SliderDemoApp";
			};
			name = Debug;
		};
		1A889D2220CE353A00EFB142 /* Release */ = {
			isa = XCBuildConfiguration;
			buildSettings = {
				ALWAYS_EMBED_SWIFT_STANDARD_LIBRARIES = YES;
				BUNDLE_LOADER = "$(TEST_HOST)";
				CODE_SIGN_STYLE = Automatic;
				DEVELOPMENT_TEAM = UMUY72KH99;
				INFOPLIST_FILE = SliderDemoAppTests/Info.plist;
				LD_RUNPATH_SEARCH_PATHS = (
					"$(inherited)",
					"@executable_path/Frameworks",
					"@loader_path/Frameworks",
				);
				PRODUCT_BUNDLE_IDENTIFIER = com.fortune4.SliderDemoAppTests;
				PRODUCT_NAME = "$(TARGET_NAME)";
				SWIFT_VERSION = 4.0;
				TARGETED_DEVICE_FAMILY = "1,2";
				TEST_HOST = "$(BUILT_PRODUCTS_DIR)/SliderDemoApp.app/SliderDemoApp";
			};
			name = Release;
		};
		1A889D2420CE353A00EFB142 /* Debug */ = {
			isa = XCBuildConfiguration;
			buildSettings = {
				ALWAYS_EMBED_SWIFT_STANDARD_LIBRARIES = YES;
				CODE_SIGN_STYLE = Automatic;
				DEVELOPMENT_TEAM = UMUY72KH99;
				INFOPLIST_FILE = SliderDemoAppUITests/Info.plist;
				LD_RUNPATH_SEARCH_PATHS = (
					"$(inherited)",
					"@executable_path/Frameworks",
					"@loader_path/Frameworks",
				);
				PRODUCT_BUNDLE_IDENTIFIER = com.fortune4.SliderDemoAppUITests;
				PRODUCT_NAME = "$(TARGET_NAME)";
				SWIFT_VERSION = 4.0;
				TARGETED_DEVICE_FAMILY = "1,2";
				TEST_TARGET_NAME = SliderDemoApp;
			};
			name = Debug;
		};
		1A889D2520CE353A00EFB142 /* Release */ = {
			isa = XCBuildConfiguration;
			buildSettings = {
				ALWAYS_EMBED_SWIFT_STANDARD_LIBRARIES = YES;
				CODE_SIGN_STYLE = Automatic;
				DEVELOPMENT_TEAM = UMUY72KH99;
				INFOPLIST_FILE = SliderDemoAppUITests/Info.plist;
				LD_RUNPATH_SEARCH_PATHS = (
					"$(inherited)",
					"@executable_path/Frameworks",
					"@loader_path/Frameworks",
				);
				PRODUCT_BUNDLE_IDENTIFIER = com.fortune4.SliderDemoAppUITests;
				PRODUCT_NAME = "$(TARGET_NAME)";
				SWIFT_VERSION = 4.0;
				TARGETED_DEVICE_FAMILY = "1,2";
				TEST_TARGET_NAME = SliderDemoApp;
			};
			name = Release;
		};
/* End XCBuildConfiguration section */

/* Begin XCConfigurationList section */
		1A889CED20CE353600EFB142 /* Build configuration list for PBXProject "SliderDemoApp" */ = {
			isa = XCConfigurationList;
			buildConfigurations = (
				1A889D1B20CE353A00EFB142 /* Debug */,
				1A889D1C20CE353A00EFB142 /* Release */,
			);
			defaultConfigurationIsVisible = 0;
			defaultConfigurationName = Release;
		};
		1A889D1D20CE353A00EFB142 /* Build configuration list for PBXNativeTarget "SliderDemoApp" */ = {
			isa = XCConfigurationList;
			buildConfigurations = (
				1A889D1E20CE353A00EFB142 /* Debug */,
				1A889D1F20CE353A00EFB142 /* Release */,
			);
			defaultConfigurationIsVisible = 0;
			defaultConfigurationName = Release;
		};
		1A889D2020CE353A00EFB142 /* Build configuration list for PBXNativeTarget "SliderDemoAppTests" */ = {
			isa = XCConfigurationList;
			buildConfigurations = (
				1A889D2120CE353A00EFB142 /* Debug */,
				1A889D2220CE353A00EFB142 /* Release */,
			);
			defaultConfigurationIsVisible = 0;
			defaultConfigurationName = Release;
		};
		1A889D2320CE353A00EFB142 /* Build configuration list for PBXNativeTarget "SliderDemoAppUITests" */ = {
			isa = XCConfigurationList;
			buildConfigurations = (
				1A889D2420CE353A00EFB142 /* Debug */,
				1A889D2520CE353A00EFB142 /* Release */,
			);
			defaultConfigurationIsVisible = 0;
			defaultConfigurationName = Release;
		};
/* End XCConfigurationList section */

/* Begin XCVersionGroup section */
		1A889CFC20CE353700EFB142 /* SliderDemoApp.xcdatamodeld */ = {
			isa = XCVersionGroup;
			children = (
				1A889CFD20CE353700EFB142 /* SliderDemoApp.xcdatamodel */,
			);
			currentVersion = 1A889CFD20CE353700EFB142 /* SliderDemoApp.xcdatamodel */;
			path = SliderDemoApp.xcdatamodeld;
			sourceTree = "<group>";
			versionGroupType = wrapper.xcdatamodel;
		};
/* End XCVersionGroup section */
	};
	rootObject = 1A889CEA20CE353600EFB142 /* Project object */;
}
